{
  "name": "screeps",
  "version": "1.0.0",
  "lockfileVersion": 1,
  "requires": true,
  "dependencies": {
    "grunt-screeps": {
      "version": "1.4.0",
      "resolved": "https://registry.npmjs.org/grunt-screeps/-/grunt-screeps-1.4.0.tgz",
      "integrity": "sha512-r/Y7utYxU6dZOX7VXIJ6R2q/IoLxa2fbI/cZS7+phzgCq56oLyK05P9HZN66tqsIyTwBHQ7WfGiMf9A1TB8oXg=="
    }
  }
}
